
Microsoft Visual Studio Solution File, Format Version 12.00
# Visual Studio 15
VisualStudioVersion = 15.0.27428.2037
MinimumVisualStudioVersion = 10.0.40219.1
Project("{FAE04EC0-301F-11D3-BF4B-00C04F79EFBC}") = "FlashCard", "FlashCard\FlashCard.csproj", "{EAB76FDE-AC27-4584-9FDF-C951CAB80A15}"
EndProject
Global
	GlobalSection(SolutionConfigurationPlatforms) = preSolution
		Debug|Any CPU = Debug|Any CPU
		Release|Any CPU = Release|Any CPU
	EndGlobalSection
	GlobalSection(ProjectConfigurationPlatforms) = postSolution
		{EAB76FDE-AC27-4584-9FDF-C951CAB80A15}.Debug|Any CPU.ActiveCfg = Debug|Any CPU
		{EAB76FDE-AC27-4584-9FDF-C951CAB80A15}.Debug|Any CPU.Build.0 = Debug|Any CPU
		{EAB76FDE-AC27-4584-9FDF-C951CAB80A15}.Release|Any CPU.ActiveCfg = Release|Any CPU
		{EAB76FDE-AC27-4584-9FDF-C951CAB80A15}.Release|Any CPU.Build.0 = Release|Any CPU
	EndGlobalSection
	GlobalSection(SolutionProperties) = preSolution
		HideSolutionNode = FALSE
	EndGlobalSection
	GlobalSection(ExtensibilityGlobals) = postSolution
		SolutionGuid = {1115AAD2-6364-46AF-94F6-1760F3A03F38}
	EndGlobalSection
EndGlobal
